// !$*UTF8*$!
{
	archiveVersion = 1;
	classes = {
	};
	objectVersion = 55;
	objects = {

/* Begin PBXBuildFile section */
		C93E64FE283EE8600099224F /* AppDelegate.swift in Sources */ = {isa = PBXBuildFile; fileRef = C93E64FD283EE8600099224F /* AppDelegate.swift */; };
		C93E6500283EE8600099224F /* SceneDelegate.swift in Sources */ = {isa = PBXBuildFile; fileRef = C93E64FF283EE8600099224F /* SceneDelegate.swift */; };
		C93E6502283EE8600099224F /* StockListViewController.swift in Sources */ = {isa = PBXBuildFile; fileRef = C93E6501283EE8600099224F /* StockListViewController.swift */; };
		C93E6507283EE8620099224F /* Assets.xcassets in Resources */ = {isa = PBXBuildFile; fileRef = C93E6506283EE8620099224F /* Assets.xcassets */; };
		C93E650A283EE8620099224F /* LaunchScreen.storyboard in Resources */ = {isa = PBXBuildFile; fileRef = C93E6508283EE8620099224F /* LaunchScreen.storyboard */; };
		C93E6517283EEAB30099224F /* NewsViewController.swift in Sources */ = {isa = PBXBuildFile; fileRef = C93E6516283EEAB30099224F /* NewsViewController.swift */; };
		C93E6519283EEACA0099224F /* SearchViewController.swift in Sources */ = {isa = PBXBuildFile; fileRef = C93E6518283EEACA0099224F /* SearchViewController.swift */; };
		C93E651B283EEADC0099224F /* StockDetailsViewController.swift in Sources */ = {isa = PBXBuildFile; fileRef = C93E651A283EEADC0099224F /* StockDetailsViewController.swift */; };
		C93E651D283EF1320099224F /* APICaller.swift in Sources */ = {isa = PBXBuildFile; fileRef = C93E651C283EF1320099224F /* APICaller.swift */; };
		C93E651F283EF15D0099224F /* PersistanceManager.swift in Sources */ = {isa = PBXBuildFile; fileRef = C93E651E283EF15D0099224F /* PersistanceManager.swift */; };
		C93E6521283EF17F0099224F /* HapticsManager.swift in Sources */ = {isa = PBXBuildFile; fileRef = C93E6520283EF17F0099224F /* HapticsManager.swift */; };
		C9EABC692844E055005FA525 /* Extensions.swift in Sources */ = {isa = PBXBuildFile; fileRef = C9EABC682844E055005FA525 /* Extensions.swift */; };
		C9EABC6B2844E572005FA525 /* SearchTableViewCell.swift in Sources */ = {isa = PBXBuildFile; fileRef = C9EABC6A2844E572005FA525 /* SearchTableViewCell.swift */; };
		C9EABC6D2844F31E005FA525 /* SearchResponse.swift in Sources */ = {isa = PBXBuildFile; fileRef = C9EABC6C2844F31E005FA525 /* SearchResponse.swift */; };
		C9EABC93284AACFF005FA525 /* FloatingPanel in Frameworks */ = {isa = PBXBuildFile; productRef = C9EABC92284AACFF005FA525 /* FloatingPanel */; };
		C9EABC95284AB651005FA525 /* NewsHeaderView.swift in Sources */ = {isa = PBXBuildFile; fileRef = C9EABC94284AB651005FA525 /* NewsHeaderView.swift */; };
		C9EABC97284AC432005FA525 /* NewsStoryModel.swift in Sources */ = {isa = PBXBuildFile; fileRef = C9EABC96284AC432005FA525 /* NewsStoryModel.swift */; };
		C9EABC99284B2117005FA525 /* NewsStoryTableViewCell.swift in Sources */ = {isa = PBXBuildFile; fileRef = C9EABC98284B2116005FA525 /* NewsStoryTableViewCell.swift */; };
		C9EABC9C284B47F5005FA525 /* SDWebImage in Frameworks */ = {isa = PBXBuildFile; productRef = C9EABC9B284B47F5005FA525 /* SDWebImage */; };
		C9EABCA3284CF932005FA525 /* MarketDataResponse.swift in Sources */ = {isa = PBXBuildFile; fileRef = C9EABCA2284CF932005FA525 /* MarketDataResponse.swift */; };
		C9EABCA5284D2DDE005FA525 /* WatchListTableViewCell.swift in Sources */ = {isa = PBXBuildFile; fileRef = C9EABCA4284D2DDE005FA525 /* WatchListTableViewCell.swift */; };
		C9EABCA7284D3322005FA525 /* StockChartView.swift in Sources */ = {isa = PBXBuildFile; fileRef = C9EABCA6284D3322005FA525 /* StockChartView.swift */; };
		C9EABCA9284E2366005FA525 /* FinancialMetricsResponse.swift in Sources */ = {isa = PBXBuildFile; fileRef = C9EABCA8284E2365005FA525 /* FinancialMetricsResponse.swift */; };
		C9EABCAB284E28C0005FA525 /* StockDetailHeaderView.swift in Sources */ = {isa = PBXBuildFile; fileRef = C9EABCAA284E28C0005FA525 /* StockDetailHeaderView.swift */; };
/* End PBXBuildFile section */

/* Begin PBXFileReference section */
		C93E64FA283EE8600099224F /* Stocks-And.app */ = {isa = PBXFileReference; explicitFileType = wrapper.application; includeInIndex = 0; path = "Stocks-And.app"; sourceTree = BUILT_PRODUCTS_DIR; };
		C93E64FD283EE8600099224F /* AppDelegate.swift */ = {isa = PBXFileReference; lastKnownFileType = sourcecode.swift; path = AppDelegate.swift; sourceTree = "<group>"; };
		C93E64FF283EE8600099224F /* SceneDelegate.swift */ = {isa = PBXFileReference; lastKnownFileType = sourcecode.swift; path = SceneDelegate.swift; sourceTree = "<group>"; };
		C93E6501283EE8600099224F /* StockListViewController.swift */ = {isa = PBXFileReference; lastKnownFileType = sourcecode.swift; path = StockListViewController.swift; sourceTree = "<group>"; };
		C93E6506283EE8620099224F /* Assets.xcassets */ = {isa = PBXFileReference; lastKnownFileType = folder.assetcatalog; path = Assets.xcassets; sourceTree = "<group>"; };
		C93E6509283EE8620099224F /* Base */ = {isa = PBXFileReference; lastKnownFileType = file.storyboard; name = Base; path = Base.lproj/LaunchScreen.storyboard; sourceTree = "<group>"; };
		C93E650B283EE8620099224F /* Info.plist */ = {isa = PBXFileReference; lastKnownFileType = text.plist.xml; path = Info.plist; sourceTree = "<group>"; };
		C93E6516283EEAB30099224F /* NewsViewController.swift */ = {isa = PBXFileReference; lastKnownFileType = sourcecode.swift; path = NewsViewController.swift; sourceTree = "<group>"; };
		C93E6518283EEACA0099224F /* SearchViewController.swift */ = {isa = PBXFileReference; lastKnownFileType = sourcecode.swift; path = SearchViewController.swift; sourceTree = "<group>"; };
		C93E651A283EEADC0099224F /* StockDetailsViewController.swift */ = {isa = PBXFileReference; lastKnownFileType = sourcecode.swift; path = StockDetailsViewController.swift; sourceTree = "<group>"; };
		C93E651C283EF1320099224F /* APICaller.swift */ = {isa = PBXFileReference; lastKnownFileType = sourcecode.swift; path = APICaller.swift; sourceTree = "<group>"; };
		C93E651E283EF15D0099224F /* PersistanceManager.swift */ = {isa = PBXFileReference; lastKnownFileType = sourcecode.swift; path = PersistanceManager.swift; sourceTree = "<group>"; };
		C93E6520283EF17F0099224F /* HapticsManager.swift */ = {isa = PBXFileReference; lastKnownFileType = sourcecode.swift; path = HapticsManager.swift; sourceTree = "<group>"; };
		C9EABC682844E055005FA525 /* Extensions.swift */ = {isa = PBXFileReference; lastKnownFileType = sourcecode.swift; path = Extensions.swift; sourceTree = "<group>"; };
		C9EABC6A2844E572005FA525 /* SearchTableViewCell.swift */ = {isa = PBXFileReference; lastKnownFileType = sourcecode.swift; path = SearchTableViewCell.swift; sourceTree = "<group>"; };
		C9EABC6C2844F31E005FA525 /* SearchResponse.swift */ = {isa = PBXFileReference; lastKnownFileType = sourcecode.swift; path = SearchResponse.swift; sourceTree = "<group>"; };
		C9EABC94284AB651005FA525 /* NewsHeaderView.swift */ = {isa = PBXFileReference; lastKnownFileType = sourcecode.swift; path = NewsHeaderView.swift; sourceTree = "<group>"; };
		C9EABC96284AC432005FA525 /* NewsStoryModel.swift */ = {isa = PBXFileReference; lastKnownFileType = sourcecode.swift; path = NewsStoryModel.swift; sourceTree = "<group>"; };
		C9EABC98284B2116005FA525 /* NewsStoryTableViewCell.swift */ = {isa = PBXFileReference; lastKnownFileType = sourcecode.swift; path = NewsStoryTableViewCell.swift; sourceTree = "<group>"; };
		C9EABCA2284CF932005FA525 /* MarketDataResponse.swift */ = {isa = PBXFileReference; lastKnownFileType = sourcecode.swift; path = MarketDataResponse.swift; sourceTree = "<group>"; };
		C9EABCA4284D2DDE005FA525 /* WatchListTableViewCell.swift */ = {isa = PBXFileReference; lastKnownFileType = sourcecode.swift; path = WatchListTableViewCell.swift; sourceTree = "<group>"; };
		C9EABCA6284D3322005FA525 /* StockChartView.swift */ = {isa = PBXFileReference; lastKnownFileType = sourcecode.swift; path = StockChartView.swift; sourceTree = "<group>"; };
		C9EABCA8284E2365005FA525 /* FinancialMetricsResponse.swift */ = {isa = PBXFileReference; lastKnownFileType = sourcecode.swift; path = FinancialMetricsResponse.swift; sourceTree = "<group>"; };
		C9EABCAA284E28C0005FA525 /* StockDetailHeaderView.swift */ = {isa = PBXFileReference; lastKnownFileType = sourcecode.swift; path = StockDetailHeaderView.swift; sourceTree = "<group>"; };
/* End PBXFileReference section */

/* Begin PBXFrameworksBuildPhase section */
		C93E64F7283EE8600099224F /* Frameworks */ = {
			isa = PBXFrameworksBuildPhase;
			buildActionMask = 2147483647;
			files = (
				C9EABC9C284B47F5005FA525 /* SDWebImage in Frameworks */,
				C9EABC93284AACFF005FA525 /* FloatingPanel in Frameworks */,
			);
			runOnlyForDeploymentPostprocessing = 0;
		};
/* End PBXFrameworksBuildPhase section */

/* Begin PBXGroup section */
		C93E64F1283EE8600099224F = {
			isa = PBXGroup;
			children = (
				C93E64FC283EE8600099224F /* Stocks-And */,
				C93E64FB283EE8600099224F /* Products */,
			);
			sourceTree = "<group>";
		};
		C93E64FB283EE8600099224F /* Products */ = {
			isa = PBXGroup;
			children = (
				C93E64FA283EE8600099224F /* Stocks-And.app */,
			);
			name = Products;
			sourceTree = "<group>";
		};
		C93E64FC283EE8600099224F /* Stocks-And */ = {
			isa = PBXGroup;
			children = (
				C9EABC672844E037005FA525 /* Extensions */,
				C93E6515283EE9D40099224F /* Appliation */,
				C93E6514283EE9BB0099224F /* Managers */,
				C93E6513283EE9970099224F /* Controllers */,
				C93E6512283EE98F0099224F /* Views */,
				C93E6511283EE9870099224F /* Models */,
				C93E6506283EE8620099224F /* Assets.xcassets */,
				C93E6508283EE8620099224F /* LaunchScreen.storyboard */,
				C93E650B283EE8620099224F /* Info.plist */,
			);
			path = "Stocks-And";
			sourceTree = "<group>";
		};
		C93E6511283EE9870099224F /* Models */ = {
			isa = PBXGroup;
			children = (
				C9EABC6C2844F31E005FA525 /* SearchResponse.swift */,
				C9EABC96284AC432005FA525 /* NewsStoryModel.swift */,
				C9EABCA2284CF932005FA525 /* MarketDataResponse.swift */,
				C9EABCA8284E2365005FA525 /* FinancialMetricsResponse.swift */,
			);
			path = Models;
			sourceTree = "<group>";
		};
		C93E6512283EE98F0099224F /* Views */ = {
			isa = PBXGroup;
			children = (
				C9EABCAA284E28C0005FA525 /* StockDetailHeaderView.swift */,
				C9EABC94284AB651005FA525 /* NewsHeaderView.swift */,
				C9EABC6A2844E572005FA525 /* SearchTableViewCell.swift */,
				C9EABC98284B2116005FA525 /* NewsStoryTableViewCell.swift */,
				C9EABCA4284D2DDE005FA525 /* WatchListTableViewCell.swift */,
				C9EABCA6284D3322005FA525 /* StockChartView.swift */,
			);
			path = Views;
			sourceTree = "<group>";
		};
		C93E6513283EE9970099224F /* Controllers */ = {
			isa = PBXGroup;
			children = (
				C93E6501283EE8600099224F /* StockListViewController.swift */,
				C93E6516283EEAB30099224F /* NewsViewController.swift */,
				C93E6518283EEACA0099224F /* SearchViewController.swift */,
				C93E651A283EEADC0099224F /* StockDetailsViewController.swift */,
			);
			path = Controllers;
			sourceTree = "<group>";
		};
		C93E6514283EE9BB0099224F /* Managers */ = {
			isa = PBXGroup;
			children = (
				C93E651C283EF1320099224F /* APICaller.swift */,
				C93E651E283EF15D0099224F /* PersistanceManager.swift */,
				C93E6520283EF17F0099224F /* HapticsManager.swift */,
			);
			path = Managers;
			sourceTree = "<group>";
		};
		C93E6515283EE9D40099224F /* Appliation */ = {
			isa = PBXGroup;
			children = (
				C93E64FD283EE8600099224F /* AppDelegate.swift */,
				C93E64FF283EE8600099224F /* SceneDelegate.swift */,
			);
			path = Appliation;
			sourceTree = "<group>";
		};
		C9EABC672844E037005FA525 /* Extensions */ = {
			isa = PBXGroup;
			children = (
				C9EABC682844E055005FA525 /* Extensions.swift */,
			);
			path = Extensions;
			sourceTree = "<group>";
		};
/* End PBXGroup section */

/* Begin PBXNativeTarget section */
		C93E64F9283EE8600099224F /* Stocks-And */ = {
			isa = PBXNativeTarget;
			buildConfigurationList = C93E650E283EE8620099224F /* Build configuration list for PBXNativeTarget "Stocks-And" */;
			buildPhases = (
				C93E64F6283EE8600099224F /* Sources */,
				C93E64F7283EE8600099224F /* Frameworks */,
				C93E64F8283EE8600099224F /* Resources */,
			);
			buildRules = (
			);
			dependencies = (
			);
			name = "Stocks-And";
			packageProductDependencies = (
				C9EABC92284AACFF005FA525 /* FloatingPanel */,
				C9EABC9B284B47F5005FA525 /* SDWebImage */,
			);
			productName = "Stocks-And";
			productReference = C93E64FA283EE8600099224F /* Stocks-And.app */;
			productType = "com.apple.product-type.application";
		};
/* End PBXNativeTarget section */

/* Begin PBXProject section */
		C93E64F2283EE8600099224F /* Project object */ = {
			isa = PBXProject;
			attributes = {
				BuildIndependentTargetsInParallel = 1;
				LastSwiftUpdateCheck = 1330;
				LastUpgradeCheck = 1330;
				TargetAttributes = {
					C93E64F9283EE8600099224F = {
						CreatedOnToolsVersion = 13.3;
					};
				};
			};
			buildConfigurationList = C93E64F5283EE8600099224F /* Build configuration list for PBXProject "Stocks-And" */;
			compatibilityVersion = "Xcode 13.0";
			developmentRegion = en;
			hasScannedForEncodings = 0;
			knownRegions = (
				en,
				Base,
			);
			mainGroup = C93E64F1283EE8600099224F;
			packageReferences = (
				C9EABC91284AACFF005FA525 /* XCRemoteSwiftPackageReference "FloatingPanel" */,
				C9EABC9A284B47F5005FA525 /* XCRemoteSwiftPackageReference "SDWebImage" */,
			);
			productRefGroup = C93E64FB283EE8600099224F /* Products */;
			projectDirPath = "";
			projectRoot = "";
			targets = (
				C93E64F9283EE8600099224F /* Stocks-And */,
			);
		};
/* End PBXProject section */

/* Begin PBXResourcesBuildPhase section */
		C93E64F8283EE8600099224F /* Resources */ = {
			isa = PBXResourcesBuildPhase;
			buildActionMask = 2147483647;
			files = (
				C93E650A283EE8620099224F /* LaunchScreen.storyboard in Resources */,
				C93E6507283EE8620099224F /* Assets.xcassets in Resources */,
			);
			runOnlyForDeploymentPostprocessing = 0;
		};
/* End PBXResourcesBuildPhase section */

/* Begin PBXSourcesBuildPhase section */
		C93E64F6283EE8600099224F /* Sources */ = {
			isa = PBXSourcesBuildPhase;
			buildActionMask = 2147483647;
			files = (
				C93E6521283EF17F0099224F /* HapticsManager.swift in Sources */,
				C93E651B283EEADC0099224F /* StockDetailsViewController.swift in Sources */,
				C93E6519283EEACA0099224F /* SearchViewController.swift in Sources */,
				C93E6502283EE8600099224F /* StockListViewController.swift in Sources */,
				C9EABC97284AC432005FA525 /* NewsStoryModel.swift in Sources */,
				C9EABCA9284E2366005FA525 /* FinancialMetricsResponse.swift in Sources */,
				C9EABC6B2844E572005FA525 /* SearchTableViewCell.swift in Sources */,
				C93E651D283EF1320099224F /* APICaller.swift in Sources */,
				C9EABC692844E055005FA525 /* Extensions.swift in Sources */,
				C9EABC99284B2117005FA525 /* NewsStoryTableViewCell.swift in Sources */,
				C9EABCA3284CF932005FA525 /* MarketDataResponse.swift in Sources */,
				C9EABCA7284D3322005FA525 /* StockChartView.swift in Sources */,
				C93E6517283EEAB30099224F /* NewsViewController.swift in Sources */,
				C9EABC6D2844F31E005FA525 /* SearchResponse.swift in Sources */,
				C9EABC95284AB651005FA525 /* NewsHeaderView.swift in Sources */,
				C93E64FE283EE8600099224F /* AppDelegate.swift in Sources */,
				C93E6500283EE8600099224F /* SceneDelegate.swift in Sources */,
				C9EABCAB284E28C0005FA525 /* StockDetailHeaderView.swift in Sources */,
				C9EABCA5284D2DDE005FA525 /* WatchListTableViewCell.swift in Sources */,
				C93E651F283EF15D0099224F /* PersistanceManager.swift in Sources */,
			);
			runOnlyForDeploymentPostprocessing = 0;
		};
/* End PBXSourcesBuildPhase section */

/* Begin PBXVariantGroup section */
		C93E6508283EE8620099224F /* LaunchScreen.storyboard */ = {
			isa = PBXVariantGroup;
			children = (
				C93E6509283EE8620099224F /* Base */,
			);
			name = LaunchScreen.storyboard;
			sourceTree = "<group>";
		};
/* End PBXVariantGroup section */

/* Begin XCBuildConfiguration section */
		C93E650C283EE8620099224F /* Debug */ = {
			isa = XCBuildConfiguration;
			buildSettings = {
				ALWAYS_SEARCH_USER_PATHS = NO;
				CLANG_ANALYZER_NONNULL = YES;
				CLANG_ANALYZER_NUMBER_OBJECT_CONVERSION = YES_AGGRESSIVE;
				CLANG_CXX_LANGUAGE_STANDARD = "gnu++17";
				CLANG_ENABLE_MODULES = YES;
				CLANG_ENABLE_OBJC_ARC = YES;
				CLANG_ENABLE_OBJC_WEAK = YES;
				CLANG_WARN_BLOCK_CAPTURE_AUTORELEASING = YES;
				CLANG_WARN_BOOL_CONVERSION = YES;
				CLANG_WARN_COMMA = YES;
				CLANG_WARN_CONSTANT_CONVERSION = YES;
				CLANG_WARN_DEPRECATED_OBJC_IMPLEMENTATIONS = YES;
				CLANG_WARN_DIRECT_OBJC_ISA_USAGE = YES_ERROR;
				CLANG_WARN_DOCUMENTATION_COMMENTS = YES;
				CLANG_WARN_EMPTY_BODY = YES;
				CLANG_WARN_ENUM_CONVERSION = YES;
				CLANG_WARN_INFINITE_RECURSION = YES;
				CLANG_WARN_INT_CONVERSION = YES;
				CLANG_WARN_NON_LITERAL_NULL_CONVERSION = YES;
				CLANG_WARN_OBJC_IMPLICIT_RETAIN_SELF = YES;
				CLANG_WARN_OBJC_LITERAL_CONVERSION = YES;
				CLANG_WARN_OBJC_ROOT_CLASS = YES_ERROR;
				CLANG_WARN_QUOTED_INCLUDE_IN_FRAMEWORK_HEADER = YES;
				CLANG_WARN_RANGE_LOOP_ANALYSIS = YES;
				CLANG_WARN_STRICT_PROTOTYPES = YES;
				CLANG_WARN_SUSPICIOUS_MOVE = YES;
				CLANG_WARN_UNGUARDED_AVAILABILITY = YES_AGGRESSIVE;
				CLANG_WARN_UNREACHABLE_CODE = YES;
				CLANG_WARN__DUPLICATE_METHOD_MATCH = YES;
				COPY_PHASE_STRIP = NO;
				DEBUG_INFORMATION_FORMAT = dwarf;
				ENABLE_STRICT_OBJC_MSGSEND = YES;
				ENABLE_TESTABILITY = YES;
				GCC_C_LANGUAGE_STANDARD = gnu11;
				GCC_DYNAMIC_NO_PIC = NO;
				GCC_NO_COMMON_BLOCKS = YES;
				GCC_OPTIMIZATION_LEVEL = 0;
				GCC_PREPROCESSOR_DEFINITIONS = (
					"DEBUG=1",
					"$(inherited)",
				);
				GCC_WARN_64_TO_32_BIT_CONVERSION = YES;
				GCC_WARN_ABOUT_RETURN_TYPE = YES_ERROR;
				GCC_WARN_UNDECLARED_SELECTOR = YES;
				GCC_WARN_UNINITIALIZED_AUTOS = YES_AGGRESSIVE;
				GCC_WARN_UNUSED_FUNCTION = YES;
				GCC_WARN_UNUSED_VARIABLE = YES;
				IPHONEOS_DEPLOYMENT_TARGET = 15.4;
				MTL_ENABLE_DEBUG_INFO = INCLUDE_SOURCE;
				MTL_FAST_MATH = YES;
				ONLY_ACTIVE_ARCH = YES;
				SDKROOT = iphoneos;
				SWIFT_ACTIVE_COMPILATION_CONDITIONS = DEBUG;
				SWIFT_OPTIMIZATION_LEVEL = "-Onone";
			};
			name = Debug;
		};
		C93E650D283EE8620099224F /* Release */ = {
			isa = XCBuildConfiguration;
			buildSettings = {
				ALWAYS_SEARCH_USER_PATHS = NO;
				CLANG_ANALYZER_NONNULL = YES;
				CLANG_ANALYZER_NUMBER_OBJECT_CONVERSION = YES_AGGRESSIVE;
				CLANG_CXX_LANGUAGE_STANDARD = "gnu++17";
				CLANG_ENABLE_MODULES = YES;
				CLANG_ENABLE_OBJC_ARC = YES;
				CLANG_ENABLE_OBJC_WEAK = YES;
				CLANG_WARN_BLOCK_CAPTURE_AUTORELEASING = YES;
				CLANG_WARN_BOOL_CONVERSION = YES;
				CLANG_WARN_COMMA = YES;
				CLANG_WARN_CONSTANT_CONVERSION = YES;
				CLANG_WARN_DEPRECATED_OBJC_IMPLEMENTATIONS = YES;
				CLANG_WARN_DIRECT_OBJC_ISA_USAGE = YES_ERROR;
				CLANG_WARN_DOCUMENTATION_COMMENTS = YES;
				CLANG_WARN_EMPTY_BODY = YES;
				CLANG_WARN_ENUM_CONVERSION = YES;
				CLANG_WARN_INFINITE_RECURSION = YES;
				CLANG_WARN_INT_CONVERSION = YES;
				CLANG_WARN_NON_LITERAL_NULL_CONVERSION = YES;
				CLANG_WARN_OBJC_IMPLICIT_RETAIN_SELF = YES;
				CLANG_WARN_OBJC_LITERAL_CONVERSION = YES;
				CLANG_WARN_OBJC_ROOT_CLASS = YES_ERROR;
				CLANG_WARN_QUOTED_INCLUDE_IN_FRAMEWORK_HEADER = YES;
				CLANG_WARN_RANGE_LOOP_ANALYSIS = YES;
				CLANG_WARN_STRICT_PROTOTYPES = YES;
				CLANG_WARN_SUSPICIOUS_MOVE = YES;
				CLANG_WARN_UNGUARDED_AVAILABILITY = YES_AGGRESSIVE;
				CLANG_WARN_UNREACHABLE_CODE = YES;
				CLANG_WARN__DUPLICATE_METHOD_MATCH = YES;
				COPY_PHASE_STRIP = NO;
				DEBUG_INFORMATION_FORMAT = "dwarf-with-dsym";
				ENABLE_NS_ASSERTIONS = NO;
				ENABLE_STRICT_OBJC_MSGSEND = YES;
				GCC_C_LANGUAGE_STANDARD = gnu11;
				GCC_NO_COMMON_BLOCKS = YES;
				GCC_WARN_64_TO_32_BIT_CONVERSION = YES;
				GCC_WARN_ABOUT_RETURN_TYPE = YES_ERROR;
				GCC_WARN_UNDECLARED_SELECTOR = YES;
				GCC_WARN_UNINITIALIZED_AUTOS = YES_AGGRESSIVE;
				GCC_WARN_UNUSED_FUNCTION = YES;
				GCC_WARN_UNUSED_VARIABLE = YES;
				IPHONEOS_DEPLOYMENT_TARGET = 15.4;
				MTL_ENABLE_DEBUG_INFO = NO;
				MTL_FAST_MATH = YES;
				SDKROOT = iphoneos;
				SWIFT_COMPILATION_MODE = wholemodule;
				SWIFT_OPTIMIZATION_LEVEL = "-O";
				VALIDATE_PRODUCT = YES;
			};
			name = Release;
		};
		C93E650F283EE8620099224F /* Debug */ = {
			isa = XCBuildConfiguration;
			buildSettings = {
				ASSETCATALOG_COMPILER_APPICON_NAME = AppIcon;
				ASSETCATALOG_COMPILER_GLOBAL_ACCENT_COLOR_NAME = AccentColor;
				CODE_SIGN_STYLE = Automatic;
				CURRENT_PROJECT_VERSION = 1;
				DEVELOPMENT_TEAM = NXHNMN6U6U;
				GENERATE_INFOPLIST_FILE = YES;
				INFOPLIST_FILE = "Stocks-And/Info.plist";
				INFOPLIST_KEY_UIApplicationSupportsIndirectInputEvents = YES;
				INFOPLIST_KEY_UILaunchStoryboardName = LaunchScreen;
				INFOPLIST_KEY_UISupportedInterfaceOrientations = UIInterfaceOrientationPortrait;
				INFOPLIST_KEY_UISupportedInterfaceOrientations_iPad = "UIInterfaceOrientationPortrait UIInterfaceOrientationPortraitUpsideDown UIInterfaceOrientationLandscapeLeft UIInterfaceOrientationLandscapeRight";
				INFOPLIST_KEY_UISupportedInterfaceOrientations_iPhone = "UIInterfaceOrientationPortrait UIInterfaceOrientationLandscapeLeft UIInterfaceOrientationLandscapeRight";
				IPHONEOS_DEPLOYMENT_TARGET = 13.0;
				LD_RUNPATH_SEARCH_PATHS = (
					"$(inherited)",
					"@executable_path/Frameworks",
				);
				MARKETING_VERSION = 1.0;
				PRODUCT_BUNDLE_IDENTIFIER = "Andrey-Kim.Stocks-And";
				PRODUCT_NAME = "$(TARGET_NAME)";
				SWIFT_EMIT_LOC_STRINGS = YES;
				SWIFT_VERSION = 5.0;
				TARGETED_DEVICE_FAMILY = 1;
			};
			name = Debug;
		};
		C93E6510283EE8620099224F /* Release */ = {
			isa = XCBuildConfiguration;
			buildSettings = {
				ASSETCATALOG_COMPILER_APPICON_NAME = AppIcon;
				ASSETCATALOG_COMPILER_GLOBAL_ACCENT_COLOR_NAME = AccentColor;
				CODE_SIGN_STYLE = Automatic;
				CURRENT_PROJECT_VERSION = 1;
				DEVELOPMENT_TEAM = NXHNMN6U6U;
				GENERATE_INFOPLIST_FILE = YES;
				INFOPLIST_FILE = "Stocks-And/Info.plist";
				INFOPLIST_KEY_UIApplicationSupportsIndirectInputEvents = YES;
				INFOPLIST_KEY_UILaunchStoryboardName = LaunchScreen;
				INFOPLIST_KEY_UISupportedInterfaceOrientations = UIInterfaceOrientationPortrait;
				INFOPLIST_KEY_UISupportedInterfaceOrientations_iPad = "UIInterfaceOrientationPortrait UIInterfaceOrientationPortraitUpsideDown UIInterfaceOrientationLandscapeLeft UIInterfaceOrientationLandscapeRight";
				INFOPLIST_KEY_UISupportedInterfaceOrientations_iPhone = "UIInterfaceOrientationPortrait UIInterfaceOrientationLandscapeLeft UIInterfaceOrientationLandscapeRight";
				IPHONEOS_DEPLOYMENT_TARGET = 13.0;
				LD_RUNPATH_SEARCH_PATHS = (
					"$(inherited)",
					"@executable_path/Frameworks",
				);
				MARKETING_VERSION = 1.0;
				PRODUCT_BUNDLE_IDENTIFIER = "Andrey-Kim.Stocks-And";
				PRODUCT_NAME = "$(TARGET_NAME)";
				SWIFT_EMIT_LOC_STRINGS = YES;
				SWIFT_VERSION = 5.0;
				TARGETED_DEVICE_FAMILY = 1;
			};
			name = Release;
		};
/* End XCBuildConfiguration section */

/* Begin XCConfigurationList section */
		C93E64F5283EE8600099224F /* Build configuration list for PBXProject "Stocks-And" */ = {
			isa = XCConfigurationList;
			buildConfigurations = (
				C93E650C283EE8620099224F /* Debug */,
				C93E650D283EE8620099224F /* Release */,
			);
			defaultConfigurationIsVisible = 0;
			defaultConfigurationName = Release;
		};
		C93E650E283EE8620099224F /* Build configuration list for PBXNativeTarget "Stocks-And" */ = {
			isa = XCConfigurationList;
			buildConfigurations = (
				C93E650F283EE8620099224F /* Debug */,
				C93E6510283EE8620099224F /* Release */,
			);
			defaultConfigurationIsVisible = 0;
			defaultConfigurationName = Release;
		};
/* End XCConfigurationList section */

/* Begin XCRemoteSwiftPackageReference section */
		C9EABC91284AACFF005FA525 /* XCRemoteSwiftPackageReference "FloatingPanel" */ = {
			isa = XCRemoteSwiftPackageReference;
			repositoryURL = "https://github.com/scenee/FloatingPanel.git";
			requirement = {
				kind = upToNextMajorVersion;
				minimumVersion = 2.0.0;
			};
		};
		C9EABC9A284B47F5005FA525 /* XCRemoteSwiftPackageReference "SDWebImage" */ = {
			isa = XCRemoteSwiftPackageReference;
			repositoryURL = "https://github.com/SDWebImage/SDWebImage.git";
			requirement = {
				kind = upToNextMajorVersion;
				minimumVersion = 5.0.0;
			};
		};
/* End XCRemoteSwiftPackageReference section */

/* Begin XCSwiftPackageProductDependency section */
		C9EABC92284AACFF005FA525 /* FloatingPanel */ = {
			isa = XCSwiftPackageProductDependency;
			package = C9EABC91284AACFF005FA525 /* XCRemoteSwiftPackageReference "FloatingPanel" */;
			productName = FloatingPanel;
		};
		C9EABC9B284B47F5005FA525 /* SDWebImage */ = {
			isa = XCSwiftPackageProductDependency;
			package = C9EABC9A284B47F5005FA525 /* XCRemoteSwiftPackageReference "SDWebImage" */;
			productName = SDWebImage;
		};
/* End XCSwiftPackageProductDependency section */
	};
	rootObject = C93E64F2283EE8600099224F /* Project object */;
}
